{
    "name": "health-app-appwrite",
    "version": "1.0.0",
    "lockfileVersion": 3,
    "requires": true,
    "packages": {
        "": {
            "name": "health-app-appwrite",
            "version": "1.0.0",
            "license": "ISC",
            "dependencies": {
                "@appwrite.io/pink": "^1.0.0",
                "appwrite": "^16.0.2",
                "node-appwrite": "^14.1.0",
                "node-fetch": "^2.6.1"
            }
        },
        "node_modules/@appwrite.io/pink": {
            "version": "1.0.0",
            "resolved": "https://registry.npmjs.org/@appwrite.io/pink/-/pink-1.0.0.tgz",
            "integrity": "sha512-q/RFlKjtGL7yBfjYkPkHYnhPt9jSMT3zoLRlEIu+G2lt59QWjybELQW17cS8gm1ZBTcncuzoPtVd6x1vrEo5uw==",
            "license": "ISC",
            "dependencies": {
                "@appwrite.io/pink-icons": "1.0.0",
                "normalize.css": "^8.0.1",
                "the-new-css-reset": "^1.11.2"
            }
        },
        "node_modules/@appwrite.io/pink-icons": {
            "version": "1.0.0",
            "resolved": "https://registry.npmjs.org/@appwrite.io/pink-icons/-/pink-icons-1.0.0.tgz",
            "integrity": "sha512-+zpksP07MvOYwhx9AZDFW0pxXQNC2juKwyOQVRAwAOkN1ACSQKPlyytkI1u2ci6CQPWjJe20CzbvBBuRNXOKjA==",
            "license": "ISC"
        },
        "node_modules/appwrite": {
            "version": "16.0.2",
            "resolved": "https://registry.npmjs.org/appwrite/-/appwrite-16.0.2.tgz",
            "integrity": "sha512-sCMVOe9wdB8OneIz6LtoYhp797GEXoudAdygNZgezPiybGOlMPcQ8kP1c/FW1eES0ledaqgaZ0PHb+LwZia8pw==",
            "license": "BSD-3-Clause"
        },
        "node_modules/node-appwrite": {
            "version": "14.1.0",
            "resolved": "https://registry.npmjs.org/node-appwrite/-/node-appwrite-14.1.0.tgz",
            "integrity": "sha512-kuKAZrdaAcGYOMUXtxNb1j+uIy+FIMiiU1dFkgwTXLsMLeLvC6HJ8/FH/kN9JyrWR2a2zcGN7gWfyQgWYoLMTA==",
            "license": "BSD-3-Clause",
            "dependencies": {
                "node-fetch-native-with-agent": "1.7.2"
            }
        },
        "node_modules/node-fetch": {
            "version": "2.7.0",
            "resolved": "https://registry.npmjs.org/node-fetch/-/node-fetch-2.7.0.tgz",
            "integrity": "sha512-c4FRfUm/dbcWZ7U+1Wq0AwCyFL+3nt2bEw05wfxSz+DWpWsitgmSgYmy2dQdWyKC1694ELPqMs/YzUSNozLt8A==",
            "license": "MIT",
            "dependencies": {
                "whatwg-url": "^5.0.0"
            },
            "engines": {
                "node": "4.x || >=6.0.0"
            },
            "peerDependencies": {
                "encoding": "^0.1.0"
            },
            "peerDependenciesMeta": {
                "encoding": {
                    "optional": true
                }
            }
        },
        "node_modules/node-fetch-native-with-agent": {
            "version": "1.7.2",
            "resolved": "https://registry.npmjs.org/node-fetch-native-with-agent/-/node-fetch-native-with-agent-1.7.2.tgz",
            "integrity": "sha512-5MaOOCuJEvcckoz7/tjdx1M6OusOY6Xc5f459IaruGStWnKzlI1qpNgaAwmn4LmFYcsSlj+jBMk84wmmRxfk5g==",
            "license": "MIT"
        },
        "node_modules/normalize.css": {
            "version": "8.0.1",
            "resolved": "https://registry.npmjs.org/normalize.css/-/normalize.css-8.0.1.tgz",
            "integrity": "sha512-qizSNPO93t1YUuUhP22btGOo3chcvDFqFaj2TRybP0DMxkHOCTYwp3n34fel4a31ORXy4m1Xq0Gyqpb5m33qIg==",
            "license": "MIT"
        },
        "node_modules/the-new-css-reset": {
            "version": "1.11.3",
            "resolved": "https://registry.npmjs.org/the-new-css-reset/-/the-new-css-reset-1.11.3.tgz",
            "integrity": "sha512-61SB81vu9foUyEIqoU1CeqxrdlsVjJojj/CBXoG8BdvlKFsllB0Rza63DblnRqH+3uttPj3FGWo7+c9nu7MT+A==",
            "license": "MIT"
        },
        "node_modules/tr46": {
            "version": "0.0.3",
            "resolved": "https://registry.npmjs.org/tr46/-/tr46-0.0.3.tgz",
            "integrity": "sha512-N3WMsuqV66lT30CrXNbEjx4GEwlow3v6rr4mCcv6prnfwhS01rkgyFdjPNBYd9br7LpXV1+Emh01fHnq2Gdgrw==",
            "license": "MIT"
        },
        "node_modules/webidl-conversions": {
            "version": "3.0.1",
            "resolved": "https://registry.npmjs.org/webidl-conversions/-/webidl-conversions-3.0.1.tgz",
            "integrity": "sha512-2JAn3z8AR6rjK8Sm8orRC0h/bcl/DqL7tRPdGZ4I1CjdF+EaMLmYxBHyXuKL849eucPFhvBoxMsflfOb8kxaeQ==",
            "license": "BSD-2-Clause"
        },
        "node_modules/whatwg-url": {
            "version": "5.0.0",
            "resolved": "https://registry.npmjs.org/whatwg-url/-/whatwg-url-5.0.0.tgz",
            "integrity": "sha512-saE57nupxk6v3HY35+jzBwYa0rKSy0XR8JSxZPwgLr7ys0IBzhGviA1/TUGJLmSVqs8pb9AnvICXEuOHLprYTw==",
            "license": "MIT",
            "dependencies": {
                "tr46": "~0.0.3",
                "webidl-conversions": "^3.0.0"
            }
        }
    }
}
